Microsoft Visual Studio Solution File, Format Version 12.00
# Visual Studio Version 17
VisualStudioVersion = 17.13.35931.197
MinimumVisualStudioVersion = 10.0.40219.1
Project("{FAE04EC0-301F-11D3-BF4B-00C04F79EFBC}") = "Dummy", "Dummy.csproj", "{11AEDBF4-79F0-41F0-82D9-4054EDF9DAAB}"
EndProject
Global
	GlobalSection(SolutionConfigurationPlatforms) = preSolution
		Debug|Any CPU = Debug|Any CPU
		Release|Any CPU = Release|Any CPU
	EndGlobalSection
	GlobalSection(ProjectConfigurationPlatforms) = postSolution
		{11AEDBF4-79F0-41F0-82D9-4054EDF9DAAB}.Debug|Any CPU.ActiveCfg = Debug|Any CPU
		{11AEDBF4-79F0-41F0-82D9-4054EDF9DAAB}.Debug|Any CPU.Build.0 = Debug|Any CPU
		{11AEDBF4-79F0-41F0-82D9-4054EDF9DAAB}.Release|Any CPU.ActiveCfg = Release|Any CPU
		{11AEDBF4-79F0-41F0-82D9-4054EDF9DAAB}.Release|Any CPU.Build.0 = Release|Any CPU
	EndGlobalSection
	GlobalSection(SolutionProperties) = preSolution
		HideSolutionNode = FALSE
	EndGlobalSection
	GlobalSection(ExtensibilityGlobals) = postSolution
		SolutionGuid = {419C603D-C874-4266-B43E-5C00676AA263}
	EndGlobalSection
EndGlobal
